<?xml version="1.0" encoding="utf-8"?>
<Project ToolsVersion="16.0" xmlns="http://schemas.microsoft.com/developer/msbuild/2003">
  <ItemGroup>
    <ClCompile Include="D:\code\453-skeleton\453-skeleton\GLDebug.cpp">
      <Filter>Source Files</Filter>
    </ClCompile>
    <ClCompile Include="D:\code\453-skeleton\453-skeleton\Geometry.cpp">
      <Filter>Source Files</Filter>
    </ClCompile>
    <ClCompile Include="D:\code\453-skeleton\453-skeleton\Shader.cpp">
      <Filter>Source Files</Filter>
    </ClCompile>
    <ClCompile Include="D:\code\453-skeleton\453-skeleton\ShaderProgram.cpp">
      <Filter>Source Files</Filter>
    </ClCompile>
    <ClCompile Include="D:\code\453-skeleton\453-skeleton\VertexArray.cpp">
      <Filter>Source Files</Filter>
    </ClCompile>
    <ClCompile Include="D:\code\453-skeleton\453-skeleton\VertexBuffer.cpp">
      <Filter>Source Files</Filter>
    </ClCompile>
    <ClCompile Include="D:\code\453-skeleton\453-skeleton\Window.cpp">
      <Filter>Source Files</Filter>
    </ClCompile>
    <ClCompile Include="D:\code\453-skeleton\453-skeleton\main.cpp">
      <Filter>Source Files</Filter>
    </ClCompile>
    <ClCompile Include="D:\code\453-skeleton\thirdparty\glew-2.1.0\src\glew.c">
      <Filter>Source Files</Filter>
    </ClCompile>
  </ItemGroup>
  <ItemGroup>
    <ClInclude Include="D:\code\453-skeleton\453-skeleton\GLDebug.h">
      <Filter>Header Files</Filter>
    </ClInclude>
    <ClInclude Include="D:\code\453-skeleton\453-skeleton\Geometry.h">
      <Filter>Header Files</Filter>
    </ClInclude>
    <ClInclude Include="D:\code\453-skeleton\453-skeleton\Log.h">
      <Filter>Header Files</Filter>
    </ClInclude>
    <ClInclude Include="D:\code\453-skeleton\453-skeleton\Shader.h">
      <Filter>Header Files</Filter>
    </ClInclude>
    <ClInclude Include="D:\code\453-skeleton\453-skeleton\ShaderProgram.h">
      <Filter>Header Files</Filter>
    </ClInclude>
    <ClInclude Include="D:\code\453-skeleton\453-skeleton\VertexArray.h">
      <Filter>Header Files</Filter>
    </ClInclude>
    <ClInclude Include="D:\code\453-skeleton\453-skeleton\VertexBuffer.h">
      <Filter>Header Files</Filter>
    </ClInclude>
    <ClInclude Include="D:\code\453-skeleton\453-skeleton\Window.h">
      <Filter>Header Files</Filter>
    </ClInclude>
  </ItemGroup>
  <ItemGroup>
    <CustomBuild Include="D:\code\453-skeleton\CMakeLists.txt" />
  </ItemGroup>
  <ItemGroup>
    <None Include="D:\code\453-skeleton\453-skeleton\453-skeleton.vcxproj" />
    <None Include="D:\code\453-skeleton\453-skeleton\453-skeleton.vcxproj.filters" />
    <None Include="D:\code\453-skeleton\453-skeleton\453-skeleton.vcxproj.user" />
    <None Include="D:\code\453-skeleton\453-skeleton\shaders" />
    <None Include="D:\code\453-skeleton\453-skeleton\x64" />
  </ItemGroup>
  <ItemGroup>
    <Filter Include="Header Files">
      <UniqueIdentifier>{9457E296-6A47-35FA-9FFD-4C93A92AF805}</UniqueIdentifier>
    </Filter>
    <Filter Include="Source Files">
      <UniqueIdentifier>{ED834AB3-4C52-3369-9054-1243C69FFFDE}</UniqueIdentifier>
    </Filter>
  </ItemGroup>
</Project>
